
Microsoft Visual Studio Solution File, Format Version 12.00
# Visual Studio 14
VisualStudioVersion = 14.0.25123.0
MinimumVisualStudioVersion = 10.0.40219.1
Project("{FAE04EC0-301F-11D3-BF4B-00C04F79EFBC}") = "angulartest", "angulartest.csproj", "{0F463557-6451-41AC-86EF-DB90B2D3F44A}"
EndProject
Global
	GlobalSection(SolutionConfigurationPlatforms) = preSolution
		Debug|Any CPU = Debug|Any CPU
		Release|Any CPU = Release|Any CPU
	EndGlobalSection
	GlobalSection(ProjectConfigurationPlatforms) = postSolution
		{0F463557-6451-41AC-86EF-DB90B2D3F44A}.Debug|Any CPU.ActiveCfg = Debug|Any CPU
		{0F463557-6451-41AC-86EF-DB90B2D3F44A}.Debug|Any CPU.Build.0 = Debug|Any CPU
		{0F463557-6451-41AC-86EF-DB90B2D3F44A}.Release|Any CPU.ActiveCfg = Release|Any CPU
		{0F463557-6451-41AC-86EF-DB90B2D3F44A}.Release|Any CPU.Build.0 = Release|Any CPU
	EndGlobalSection
	GlobalSection(SolutionProperties) = preSolution
		HideSolutionNode = FALSE
	EndGlobalSection
EndGlobal
